
Microsoft Visual Studio Solution File, Format Version 12.00
# Visual Studio 2012
Project("{FAE04EC0-301F-11D3-BF4B-00C04F79EFBC}") = "UnityVS.card.CSharp", "UnityVS.card.CSharp.csproj", "{74694DB4-E5FC-6B3E-49FA-636E7C0962A1}"
EndProject
Project("{FAE04EC0-301F-11D3-BF4B-00C04F79EFBC}") = "UnityVS.card.CSharp.Editor", "UnityVS.card.CSharp.Editor.csproj", "{2F796E51-B822-1617-03A7-9A2AAC1759AA}"
EndProject
Global
	GlobalSection(SolutionConfigurationPlatforms) = preSolution
		Debug|Any CPU = Debug|Any CPU
		Release|Any CPU = Release|Any CPU
	EndGlobalSection
	GlobalSection(ProjectConfigurationPlatforms) = postSolution
		{74694DB4-E5FC-6B3E-49FA-636E7C0962A1}.Debug|Any CPU.ActiveCfg = Debug|Any CPU
		{74694DB4-E5FC-6B3E-49FA-636E7C0962A1}.Debug|Any CPU.Build.0 = Debug|Any CPU
		{74694DB4-E5FC-6B3E-49FA-636E7C0962A1}.Release|Any CPU.ActiveCfg = Release|Any CPU
		{74694DB4-E5FC-6B3E-49FA-636E7C0962A1}.Release|Any CPU.Build.0 = Release|Any CPU
		{2F796E51-B822-1617-03A7-9A2AAC1759AA}.Debug|Any CPU.ActiveCfg = Debug|Any CPU
		{2F796E51-B822-1617-03A7-9A2AAC1759AA}.Debug|Any CPU.Build.0 = Debug|Any CPU
		{2F796E51-B822-1617-03A7-9A2AAC1759AA}.Release|Any CPU.ActiveCfg = Release|Any CPU
		{2F796E51-B822-1617-03A7-9A2AAC1759AA}.Release|Any CPU.Build.0 = Release|Any CPU
	EndGlobalSection
	GlobalSection(SolutionProperties) = preSolution
		HideSolutionNode = FALSE
	EndGlobalSection
EndGlobal
